
Microsoft Visual Studio Solution File, Format Version 11.00
# Visual C# Express 2010
Project("{FAE04EC0-301F-11D3-BF4B-00C04F79EFBC}") = "crashfeator1", "crashfeator1\crashfeator1\crashfeator1.csproj", "{FD92F570-D5E3-4C0B-87E4-CC5CAF6AE82F}"
EndProject
Project("{96E2B04D-8817-42C6-938A-82C39BA4D311}") = "crashfeator1Content", "crashfeator1\crashfeator1Content\crashfeator1Content.contentproj", "{C9782F02-666C-43DD-8153-9ED9361FDE42}"
EndProject
Global
	GlobalSection(SolutionConfigurationPlatforms) = preSolution
		Debug|x86 = Debug|x86
		Release|x86 = Release|x86
	EndGlobalSection
	GlobalSection(ProjectConfigurationPlatforms) = postSolution
		{FD92F570-D5E3-4C0B-87E4-CC5CAF6AE82F}.Debug|x86.ActiveCfg = Debug|x86
		{FD92F570-D5E3-4C0B-87E4-CC5CAF6AE82F}.Debug|x86.Build.0 = Debug|x86
		{FD92F570-D5E3-4C0B-87E4-CC5CAF6AE82F}.Release|x86.ActiveCfg = Release|x86
		{FD92F570-D5E3-4C0B-87E4-CC5CAF6AE82F}.Release|x86.Build.0 = Release|x86
		{C9782F02-666C-43DD-8153-9ED9361FDE42}.Debug|x86.ActiveCfg = Debug|x86
		{C9782F02-666C-43DD-8153-9ED9361FDE42}.Release|x86.ActiveCfg = Release|x86
	EndGlobalSection
	GlobalSection(SolutionProperties) = preSolution
		HideSolutionNode = FALSE
	EndGlobalSection
EndGlobal
