
Microsoft Visual Studio Solution File, Format Version 12.00
# Visual Studio Express 2013 for Windows Desktop
VisualStudioVersion = 12.0.31101.0
MinimumVisualStudioVersion = 10.0.40219.1
Project("{FAE04EC0-301F-11D3-BF4B-00C04F79EFBC}") = "FysiikkaPeli1", "FysiikkaPeli1\FysiikkaPeli1\FysiikkaPeli1.csproj", "{68896D8F-D8FB-4BE0-AEEC-CA0C11BBD91C}"
EndProject
Project("{96E2B04D-8817-42C6-938A-82C39BA4D311}") = "FysiikkaPeli1Content", "FysiikkaPeli1\FysiikkaPeli1Content\FysiikkaPeli1Content.contentproj", "{240431B0-F78F-4BC5-B064-93F8E44CA1B7}"
EndProject
Global
	GlobalSection(SolutionConfigurationPlatforms) = preSolution
		Debug|x86 = Debug|x86
		Release|x86 = Release|x86
	EndGlobalSection
	GlobalSection(ProjectConfigurationPlatforms) = postSolution
		{68896D8F-D8FB-4BE0-AEEC-CA0C11BBD91C}.Debug|x86.ActiveCfg = Debug|x86
		{68896D8F-D8FB-4BE0-AEEC-CA0C11BBD91C}.Debug|x86.Build.0 = Debug|x86
		{68896D8F-D8FB-4BE0-AEEC-CA0C11BBD91C}.Release|x86.ActiveCfg = Release|x86
		{68896D8F-D8FB-4BE0-AEEC-CA0C11BBD91C}.Release|x86.Build.0 = Release|x86
		{240431B0-F78F-4BC5-B064-93F8E44CA1B7}.Debug|x86.ActiveCfg = Debug|x86
		{240431B0-F78F-4BC5-B064-93F8E44CA1B7}.Release|x86.ActiveCfg = Release|x86
	EndGlobalSection
	GlobalSection(SolutionProperties) = preSolution
		HideSolutionNode = FALSE
	EndGlobalSection
EndGlobal
